{
  "name": "@yurkimus/types",
  "version": "0.0.6",
  "lockfileVersion": 3,
  "requires": true,
  "packages": {
    "": {
      "name": "@yurkimus/types",
      "version": "0.0.6",
      "dependencies": {
        "@yurkimus/curry": "github:yurkimus/curry"
      }
    },
    "node_modules/@yurkimus/curry": {
      "version": "0.0.2",
      "resolved": "git+ssh://git@github.com/yurkimus/curry.git#493960d5dfa9bb786a169015fe23d656072bfe0b"
    }
  }
}
