{
  "name": "@yurkimus/types",
  "version": "0.2.2",
  "lockfileVersion": 3,
  "requires": true,
  "packages": {
    "": {
      "name": "@yurkimus/types",
      "version": "0.2.2",
      "dependencies": {
        "@yurkimus/curry": "^0.1.0"
      }
    },
    "node_modules/@yurkimus/curry": {
      "version": "0.1.0",
      "resolved": "https://registry.npmjs.org/@yurkimus/curry/-/curry-0.1.0.tgz",
      "integrity": "sha512-1eCQhNMLDZQpF2iOgSk7B6Mmg9tM65TsTV4jPsf5nk0yrhIlvouggm0HSTreYsvqgaFZPHEg60N1LcU2smpIHQ=="
    }
  }
}
