{
  "name": "@yurkimus/types",
  "version": "0.0.5",
  "lockfileVersion": 3,
  "requires": true,
  "packages": {
    "": {
      "name": "@yurkimus/types",
      "version": "0.0.5",
      "dependencies": {
        "@yurkimus/curry": "github:yurkimus/curry"
      }
    },
    "node_modules/@yurkimus/curry": {
      "version": "0.0.1",
      "resolved": "git+ssh://git@github.com/yurkimus/curry.git#a9a5c5e8ed2214db03f0c3d9c7e5b8e541d831c5"
    }
  }
}
